
Microsoft Visual Studio Solution File, Format Version 12.00
# Visual Studio 15
VisualStudioVersion = 15.0.28307.168
MinimumVisualStudioVersion = 10.0.40219.1
Project("{FAE04EC0-301F-11D3-BF4B-00C04F79EFBC}") = "BankAccountNS", "BankAccountNS\BankAccountNS.csproj", "{889BDF52-2207-44C9-9604-1D70ACC588C7}"
EndProject
Global
	GlobalSection(SolutionConfigurationPlatforms) = preSolution
		Debug|Any CPU = Debug|Any CPU
		Release|Any CPU = Release|Any CPU
	EndGlobalSection
	GlobalSection(ProjectConfigurationPlatforms) = postSolution
		{889BDF52-2207-44C9-9604-1D70ACC588C7}.Debug|Any CPU.ActiveCfg = Debug|Any CPU
		{889BDF52-2207-44C9-9604-1D70ACC588C7}.Debug|Any CPU.Build.0 = Debug|Any CPU
		{889BDF52-2207-44C9-9604-1D70ACC588C7}.Release|Any CPU.ActiveCfg = Release|Any CPU
		{889BDF52-2207-44C9-9604-1D70ACC588C7}.Release|Any CPU.Build.0 = Release|Any CPU
	EndGlobalSection
	GlobalSection(SolutionProperties) = preSolution
		HideSolutionNode = FALSE
	EndGlobalSection
	GlobalSection(ExtensibilityGlobals) = postSolution
		SolutionGuid = {15A0ACAD-EC49-4409-B578-29E07D082883}
	EndGlobalSection
EndGlobal
